// !$*UTF8*$!
{
	archiveVersion = 1;
	classes = {
	};
	objectVersion = 50;
	objects = {

/* Begin PBXBuildFile section */
		8EEAAE9E98F4A5698861B719 /* Pods_Image_Search.framework in Frameworks */ = {isa = PBXBuildFile; fileRef = 87B10035B5D11190A3DF8A9C /* Pods_Image_Search.framework */; };
		9507AA31C9C38EF6B36D3A11 /* Pods_Image_SearchTests.framework in Frameworks */ = {isa = PBXBuildFile; fileRef = 6DCDE5491A405C42FB40E8B5 /* Pods_Image_SearchTests.framework */; };
		BD4650FA21E7FFAC00D40FEB /* ImgurItem.swift in Sources */ = {isa = PBXBuildFile; fileRef = BD4650F921E7FFAC00D40FEB /* ImgurItem.swift */; };
		BD46CC8921E828F2004F8A48 /* MessageCollectionViewCell.swift in Sources */ = {isa = PBXBuildFile; fileRef = BD46CC8821E828F2004F8A48 /* MessageCollectionViewCell.swift */; };
		BD46CC8B21E82F81004F8A48 /* UIViewExtension.swift in Sources */ = {isa = PBXBuildFile; fileRef = BD46CC8A21E82F81004F8A48 /* UIViewExtension.swift */; };
		BD49A7C721E6C89A00FEC995 /* ListViewController.swift in Sources */ = {isa = PBXBuildFile; fileRef = BD49A7C621E6C89A00FEC995 /* ListViewController.swift */; };
		BD49A7CB21E6C94B00FEC995 /* DetailViewController.swift in Sources */ = {isa = PBXBuildFile; fileRef = BD49A7CA21E6C94B00FEC995 /* DetailViewController.swift */; };
		BD49A7CE21E6CB2100FEC995 /* CellProtocols.swift in Sources */ = {isa = PBXBuildFile; fileRef = BD49A7CD21E6CB2100FEC995 /* CellProtocols.swift */; };
		BD49A7D121E6CB9100FEC995 /* ImageCollectionViewCell.swift in Sources */ = {isa = PBXBuildFile; fileRef = BD49A7D021E6CB9100FEC995 /* ImageCollectionViewCell.swift */; };
		BD49A7D421E6D37300FEC995 /* NetworkController.swift in Sources */ = {isa = PBXBuildFile; fileRef = BD49A7D321E6D37300FEC995 /* NetworkController.swift */; };
		BD95C55521E96AF9005D3557 /* CollectionExtension.swift in Sources */ = {isa = PBXBuildFile; fileRef = BD95C55421E96AF9005D3557 /* CollectionExtension.swift */; };
		BDD012B821E6C07B0045987B /* AppDelegate.swift in Sources */ = {isa = PBXBuildFile; fileRef = BDD012B721E6C07B0045987B /* AppDelegate.swift */; };
		BDD012BD21E6C07C0045987B /* Main.storyboard in Resources */ = {isa = PBXBuildFile; fileRef = BDD012BB21E6C07C0045987B /* Main.storyboard */; };
		BDD012BF21E6C07C0045987B /* Assets.xcassets in Resources */ = {isa = PBXBuildFile; fileRef = BDD012BE21E6C07C0045987B /* Assets.xcassets */; };
		BDD012C221E6C07C0045987B /* LaunchScreen.storyboard in Resources */ = {isa = PBXBuildFile; fileRef = BDD012C021E6C07C0045987B /* LaunchScreen.storyboard */; };
		BDD012CD21E6C07C0045987B /* Image_SearchTests.swift in Sources */ = {isa = PBXBuildFile; fileRef = BDD012CC21E6C07C0045987B /* Image_SearchTests.swift */; };
/* End PBXBuildFile section */

/* Begin PBXContainerItemProxy section */
		BDD012C921E6C07C0045987B /* PBXContainerItemProxy */ = {
			isa = PBXContainerItemProxy;
			containerPortal = BDD012AC21E6C07B0045987B /* Project object */;
			proxyType = 1;
			remoteGlobalIDString = BDD012B321E6C07B0045987B;
			remoteInfo = "Image Search";
		};
/* End PBXContainerItemProxy section */

/* Begin PBXFileReference section */
		2DCFCB8EBE11A07A867380AA /* Pods-Image SearchTests.debug.xcconfig */ = {isa = PBXFileReference; includeInIndex = 1; lastKnownFileType = text.xcconfig; name = "Pods-Image SearchTests.debug.xcconfig"; path = "Target Support Files/Pods-Image SearchTests/Pods-Image SearchTests.debug.xcconfig"; sourceTree = "<group>"; };
		425D3FBEED22EA759434C77E /* Pods-Image Search.debug.xcconfig */ = {isa = PBXFileReference; includeInIndex = 1; lastKnownFileType = text.xcconfig; name = "Pods-Image Search.debug.xcconfig"; path = "Target Support Files/Pods-Image Search/Pods-Image Search.debug.xcconfig"; sourceTree = "<group>"; };
		6DCDE5491A405C42FB40E8B5 /* Pods_Image_SearchTests.framework */ = {isa = PBXFileReference; explicitFileType = wrapper.framework; includeInIndex = 0; path = Pods_Image_SearchTests.framework; sourceTree = BUILT_PRODUCTS_DIR; };
		87B10035B5D11190A3DF8A9C /* Pods_Image_Search.framework */ = {isa = PBXFileReference; explicitFileType = wrapper.framework; includeInIndex = 0; path = Pods_Image_Search.framework; sourceTree = BUILT_PRODUCTS_DIR; };
		AA1DC89862BA4EF76E5C7D7E /* Pods-Image Search.release.xcconfig */ = {isa = PBXFileReference; includeInIndex = 1; lastKnownFileType = text.xcconfig; name = "Pods-Image Search.release.xcconfig"; path = "Target Support Files/Pods-Image Search/Pods-Image Search.release.xcconfig"; sourceTree = "<group>"; };
		BD4650F921E7FFAC00D40FEB /* ImgurItem.swift */ = {isa = PBXFileReference; lastKnownFileType = sourcecode.swift; path = ImgurItem.swift; sourceTree = "<group>"; };
		BD46CC8821E828F2004F8A48 /* MessageCollectionViewCell.swift */ = {isa = PBXFileReference; lastKnownFileType = sourcecode.swift; path = MessageCollectionViewCell.swift; sourceTree = "<group>"; };
		BD46CC8A21E82F81004F8A48 /* UIViewExtension.swift */ = {isa = PBXFileReference; lastKnownFileType = sourcecode.swift; path = UIViewExtension.swift; sourceTree = "<group>"; };
		BD49A7C621E6C89A00FEC995 /* ListViewController.swift */ = {isa = PBXFileReference; lastKnownFileType = sourcecode.swift; path = ListViewController.swift; sourceTree = "<group>"; };
		BD49A7CA21E6C94B00FEC995 /* DetailViewController.swift */ = {isa = PBXFileReference; lastKnownFileType = sourcecode.swift; path = DetailViewController.swift; sourceTree = "<group>"; };
		BD49A7CD21E6CB2100FEC995 /* CellProtocols.swift */ = {isa = PBXFileReference; lastKnownFileType = sourcecode.swift; path = CellProtocols.swift; sourceTree = "<group>"; };
		BD49A7D021E6CB9100FEC995 /* ImageCollectionViewCell.swift */ = {isa = PBXFileReference; lastKnownFileType = sourcecode.swift; path = ImageCollectionViewCell.swift; sourceTree = "<group>"; };
		BD49A7D321E6D37300FEC995 /* NetworkController.swift */ = {isa = PBXFileReference; lastKnownFileType = sourcecode.swift; path = NetworkController.swift; sourceTree = "<group>"; };
		BD95C55421E96AF9005D3557 /* CollectionExtension.swift */ = {isa = PBXFileReference; lastKnownFileType = sourcecode.swift; path = CollectionExtension.swift; sourceTree = "<group>"; };
		BDD012B421E6C07B0045987B /* Image Search.app */ = {isa = PBXFileReference; explicitFileType = wrapper.application; includeInIndex = 0; path = "Image Search.app"; sourceTree = BUILT_PRODUCTS_DIR; };
		BDD012B721E6C07B0045987B /* AppDelegate.swift */ = {isa = PBXFileReference; lastKnownFileType = sourcecode.swift; path = AppDelegate.swift; sourceTree = "<group>"; };
		BDD012BC21E6C07C0045987B /* Base */ = {isa = PBXFileReference; lastKnownFileType = file.storyboard; name = Base; path = Base.lproj/Main.storyboard; sourceTree = "<group>"; };
		BDD012BE21E6C07C0045987B /* Assets.xcassets */ = {isa = PBXFileReference; lastKnownFileType = folder.assetcatalog; path = Assets.xcassets; sourceTree = "<group>"; };
		BDD012C121E6C07C0045987B /* Base */ = {isa = PBXFileReference; lastKnownFileType = file.storyboard; name = Base; path = Base.lproj/LaunchScreen.storyboard; sourceTree = "<group>"; };
		BDD012C321E6C07C0045987B /* Info.plist */ = {isa = PBXFileReference; lastKnownFileType = text.plist.xml; path = Info.plist; sourceTree = "<group>"; };
		BDD012C821E6C07C0045987B /* Image SearchTests.xctest */ = {isa = PBXFileReference; explicitFileType = wrapper.cfbundle; includeInIndex = 0; path = "Image SearchTests.xctest"; sourceTree = BUILT_PRODUCTS_DIR; };
		BDD012CC21E6C07C0045987B /* Image_SearchTests.swift */ = {isa = PBXFileReference; lastKnownFileType = sourcecode.swift; path = Image_SearchTests.swift; sourceTree = "<group>"; };
		BDD012CE21E6C07C0045987B /* Info.plist */ = {isa = PBXFileReference; lastKnownFileType = text.plist.xml; path = Info.plist; sourceTree = "<group>"; };
		F11F232FF5374076FD5EC380 /* Pods-Image SearchTests.release.xcconfig */ = {isa = PBXFileReference; includeInIndex = 1; lastKnownFileType = text.xcconfig; name = "Pods-Image SearchTests.release.xcconfig"; path = "Target Support Files/Pods-Image SearchTests/Pods-Image SearchTests.release.xcconfig"; sourceTree = "<group>"; };
/* End PBXFileReference section */

/* Begin PBXFrameworksBuildPhase section */
		BDD012B121E6C07B0045987B /* Frameworks */ = {
			isa = PBXFrameworksBuildPhase;
			buildActionMask = 2147483647;
			files = (
				8EEAAE9E98F4A5698861B719 /* Pods_Image_Search.framework in Frameworks */,
			);
			runOnlyForDeploymentPostprocessing = 0;
		};
		BDD012C521E6C07C0045987B /* Frameworks */ = {
			isa = PBXFrameworksBuildPhase;
			buildActionMask = 2147483647;
			files = (
				9507AA31C9C38EF6B36D3A11 /* Pods_Image_SearchTests.framework in Frameworks */,
			);
			runOnlyForDeploymentPostprocessing = 0;
		};
/* End PBXFrameworksBuildPhase section */

/* Begin PBXGroup section */
		0C6BA0624D43864D19EA3FB4 /* Pods */ = {
			isa = PBXGroup;
			children = (
				425D3FBEED22EA759434C77E /* Pods-Image Search.debug.xcconfig */,
				AA1DC89862BA4EF76E5C7D7E /* Pods-Image Search.release.xcconfig */,
				2DCFCB8EBE11A07A867380AA /* Pods-Image SearchTests.debug.xcconfig */,
				F11F232FF5374076FD5EC380 /* Pods-Image SearchTests.release.xcconfig */,
			);
			path = Pods;
			sourceTree = "<group>";
		};
		BD4650F821E7FF9900D40FEB /* Models */ = {
			isa = PBXGroup;
			children = (
				BD4650F921E7FFAC00D40FEB /* ImgurItem.swift */,
			);
			path = Models;
			sourceTree = "<group>";
		};
		BD49A7C821E6C8A200FEC995 /* Views */ = {
			isa = PBXGroup;
			children = (
				BD49A7CF21E6CB7800FEC995 /* Cells */,
			);
			path = Views;
			sourceTree = "<group>";
		};
		BD49A7C921E6C8A800FEC995 /* ViewControllers */ = {
			isa = PBXGroup;
			children = (
				BD49A7C621E6C89A00FEC995 /* ListViewController.swift */,
				BD49A7CA21E6C94B00FEC995 /* DetailViewController.swift */,
			);
			path = ViewControllers;
			sourceTree = "<group>";
		};
		BD49A7CC21E6CAED00FEC995 /* Extensions */ = {
			isa = PBXGroup;
			children = (
				BD49A7CD21E6CB2100FEC995 /* CellProtocols.swift */,
				BD46CC8A21E82F81004F8A48 /* UIViewExtension.swift */,
				BD95C55421E96AF9005D3557 /* CollectionExtension.swift */,
			);
			path = Extensions;
			sourceTree = "<group>";
		};
		BD49A7CF21E6CB7800FEC995 /* Cells */ = {
			isa = PBXGroup;
			children = (
				BD49A7D021E6CB9100FEC995 /* ImageCollectionViewCell.swift */,
				BD46CC8821E828F2004F8A48 /* MessageCollectionViewCell.swift */,
			);
			path = Cells;
			sourceTree = "<group>";
		};
		BD49A7D221E6D35400FEC995 /* Controllers */ = {
			isa = PBXGroup;
			children = (
				BD49A7D321E6D37300FEC995 /* NetworkController.swift */,
				BD49A7C921E6C8A800FEC995 /* ViewControllers */,
			);
			path = Controllers;
			sourceTree = "<group>";
		};
		BDD012AB21E6C07B0045987B = {
			isa = PBXGroup;
			children = (
				BDD012B621E6C07B0045987B /* Image Search */,
				BDD012CB21E6C07C0045987B /* Image SearchTests */,
				BDD012B521E6C07B0045987B /* Products */,
				0C6BA0624D43864D19EA3FB4 /* Pods */,
				DDF4E0C60EE9455B7716EB88 /* Frameworks */,
			);
			sourceTree = "<group>";
		};
		BDD012B521E6C07B0045987B /* Products */ = {
			isa = PBXGroup;
			children = (
				BDD012B421E6C07B0045987B /* Image Search.app */,
				BDD012C821E6C07C0045987B /* Image SearchTests.xctest */,
			);
			name = Products;
			sourceTree = "<group>";
		};
		BDD012B621E6C07B0045987B /* Image Search */ = {
			isa = PBXGroup;
			children = (
				BDD012B721E6C07B0045987B /* AppDelegate.swift */,
				BD4650F821E7FF9900D40FEB /* Models */,
				BD49A7D221E6D35400FEC995 /* Controllers */,
				BD49A7C821E6C8A200FEC995 /* Views */,
				BD49A7CC21E6CAED00FEC995 /* Extensions */,
				BDD012BB21E6C07C0045987B /* Main.storyboard */,
				BDD012BE21E6C07C0045987B /* Assets.xcassets */,
				BDD012C021E6C07C0045987B /* LaunchScreen.storyboard */,
				BDD012C321E6C07C0045987B /* Info.plist */,
			);
			path = "Image Search";
			sourceTree = "<group>";
		};
		BDD012CB21E6C07C0045987B /* Image SearchTests */ = {
			isa = PBXGroup;
			children = (
				BDD012CC21E6C07C0045987B /* Image_SearchTests.swift */,
				BDD012CE21E6C07C0045987B /* Info.plist */,
			);
			path = "Image SearchTests";
			sourceTree = "<group>";
		};
		DDF4E0C60EE9455B7716EB88 /* Frameworks */ = {
			isa = PBXGroup;
			children = (
				87B10035B5D11190A3DF8A9C /* Pods_Image_Search.framework */,
				6DCDE5491A405C42FB40E8B5 /* Pods_Image_SearchTests.framework */,
			);
			name = Frameworks;
			sourceTree = "<group>";
		};
/* End PBXGroup section */

/* Begin PBXNativeTarget section */
		BDD012B321E6C07B0045987B /* Image Search */ = {
			isa = PBXNativeTarget;
			buildConfigurationList = BDD012D121E6C07C0045987B /* Build configuration list for PBXNativeTarget "Image Search" */;
			buildPhases = (
				532E5CD81A595ACDF21DE474 /* [CP] Check Pods Manifest.lock */,
				BDD012B021E6C07B0045987B /* Sources */,
				BDD012B121E6C07B0045987B /* Frameworks */,
				BDD012B221E6C07B0045987B /* Resources */,
				5CD3F91AA0867DF5B5E995B7 /* [CP] Embed Pods Frameworks */,
			);
			buildRules = (
			);
			dependencies = (
			);
			name = "Image Search";
			productName = "Image Search";
			productReference = BDD012B421E6C07B0045987B /* Image Search.app */;
			productType = "com.apple.product-type.application";
		};
		BDD012C721E6C07C0045987B /* Image SearchTests */ = {
			isa = PBXNativeTarget;
			buildConfigurationList = BDD012D421E6C07C0045987B /* Build configuration list for PBXNativeTarget "Image SearchTests" */;
			buildPhases = (
				6FEC7294329EABD38F36D200 /* [CP] Check Pods Manifest.lock */,
				BDD012C421E6C07C0045987B /* Sources */,
				BDD012C521E6C07C0045987B /* Frameworks */,
				BDD012C621E6C07C0045987B /* Resources */,
			);
			buildRules = (
			);
			dependencies = (
				BDD012CA21E6C07C0045987B /* PBXTargetDependency */,
			);
			name = "Image SearchTests";
			productName = "Image SearchTests";
			productReference = BDD012C821E6C07C0045987B /* Image SearchTests.xctest */;
			productType = "com.apple.product-type.bundle.unit-test";
		};
/* End PBXNativeTarget section */

/* Begin PBXProject section */
		BDD012AC21E6C07B0045987B /* Project object */ = {
			isa = PBXProject;
			attributes = {
				LastSwiftUpdateCheck = 1010;
				LastUpgradeCheck = 1010;
				ORGANIZATIONNAME = "Michael Sacks";
				TargetAttributes = {
					BDD012B321E6C07B0045987B = {
						CreatedOnToolsVersion = 10.1;
					};
					BDD012C721E6C07C0045987B = {
						CreatedOnToolsVersion = 10.1;
						TestTargetID = BDD012B321E6C07B0045987B;
					};
				};
			};
			buildConfigurationList = BDD012AF21E6C07B0045987B /* Build configuration list for PBXProject "Image Search" */;
			compatibilityVersion = "Xcode 9.3";
			developmentRegion = en;
			hasScannedForEncodings = 0;
			knownRegions = (
				en,
				Base,
			);
			mainGroup = BDD012AB21E6C07B0045987B;
			productRefGroup = BDD012B521E6C07B0045987B /* Products */;
			projectDirPath = "";
			projectRoot = "";
			targets = (
				BDD012B321E6C07B0045987B /* Image Search */,
				BDD012C721E6C07C0045987B /* Image SearchTests */,
			);
		};
/* End PBXProject section */

/* Begin PBXResourcesBuildPhase section */
		BDD012B221E6C07B0045987B /* Resources */ = {
			isa = PBXResourcesBuildPhase;
			buildActionMask = 2147483647;
			files = (
				BDD012C221E6C07C0045987B /* LaunchScreen.storyboard in Resources */,
				BDD012BF21E6C07C0045987B /* Assets.xcassets in Resources */,
				BDD012BD21E6C07C0045987B /* Main.storyboard in Resources */,
			);
			runOnlyForDeploymentPostprocessing = 0;
		};
		BDD012C621E6C07C0045987B /* Resources */ = {
			isa = PBXResourcesBuildPhase;
			buildActionMask = 2147483647;
			files = (
			);
			runOnlyForDeploymentPostprocessing = 0;
		};
/* End PBXResourcesBuildPhase section */

/* Begin PBXShellScriptBuildPhase section */
		532E5CD81A595ACDF21DE474 /* [CP] Check Pods Manifest.lock */ = {
			isa = PBXShellScriptBuildPhase;
			buildActionMask = 2147483647;
			files = (
			);
			inputFileListPaths = (
			);
			inputPaths = (
				"${PODS_PODFILE_DIR_PATH}/Podfile.lock",
				"${PODS_ROOT}/Manifest.lock",
			);
			name = "[CP] Check Pods Manifest.lock";
			outputFileListPaths = (
			);
			outputPaths = (
				"$(DERIVED_FILE_DIR)/Pods-Image Search-checkManifestLockResult.txt",
			);
			runOnlyForDeploymentPostprocessing = 0;
			shellPath = /bin/sh;
			shellScript = "diff \"${PODS_PODFILE_DIR_PATH}/Podfile.lock\" \"${PODS_ROOT}/Manifest.lock\" > /dev/null\nif [ $? != 0 ] ; then\n    # print error to STDERR\n    echo \"error: The sandbox is not in sync with the Podfile.lock. Run 'pod install' or update your CocoaPods installation.\" >&2\n    exit 1\nfi\n# This output is used by Xcode 'outputs' to avoid re-running this script phase.\necho \"SUCCESS\" > \"${SCRIPT_OUTPUT_FILE_0}\"\n";
			showEnvVarsInLog = 0;
		};
		5CD3F91AA0867DF5B5E995B7 /* [CP] Embed Pods Frameworks */ = {
			isa = PBXShellScriptBuildPhase;
			buildActionMask = 2147483647;
			files = (
			);
			inputFileListPaths = (
			);
			inputPaths = (
				"${PODS_ROOT}/Target Support Files/Pods-Image Search/Pods-Image Search-frameworks.sh",
				"${BUILT_PRODUCTS_DIR}/Alamofire/Alamofire.framework",
				"${BUILT_PRODUCTS_DIR}/Kingfisher/Kingfisher.framework",
			);
			name = "[CP] Embed Pods Frameworks";
			outputFileListPaths = (
			);
			outputPaths = (
				"${TARGET_BUILD_DIR}/${FRAMEWORKS_FOLDER_PATH}/Alamofire.framework",
				"${TARGET_BUILD_DIR}/${FRAMEWORKS_FOLDER_PATH}/Kingfisher.framework",
			);
			runOnlyForDeploymentPostprocessing = 0;
			shellPath = /bin/sh;
			shellScript = "\"${PODS_ROOT}/Target Support Files/Pods-Image Search/Pods-Image Search-frameworks.sh\"\n";
			showEnvVarsInLog = 0;
		};
		6FEC7294329EABD38F36D200 /* [CP] Check Pods Manifest.lock */ = {
			isa = PBXShellScriptBuildPhase;
			buildActionMask = 2147483647;
			files = (
			);
			inputFileListPaths = (
			);
			inputPaths = (
				"${PODS_PODFILE_DIR_PATH}/Podfile.lock",
				"${PODS_ROOT}/Manifest.lock",
			);
			name = "[CP] Check Pods Manifest.lock";
			outputFileListPaths = (
			);
			outputPaths = (
				"$(DERIVED_FILE_DIR)/Pods-Image SearchTests-checkManifestLockResult.txt",
			);
			runOnlyForDeploymentPostprocessing = 0;
			shellPath = /bin/sh;
			shellScript = "diff \"${PODS_PODFILE_DIR_PATH}/Podfile.lock\" \"${PODS_ROOT}/Manifest.lock\" > /dev/null\nif [ $? != 0 ] ; then\n    # print error to STDERR\n    echo \"error: The sandbox is not in sync with the Podfile.lock. Run 'pod install' or update your CocoaPods installation.\" >&2\n    exit 1\nfi\n# This output is used by Xcode 'outputs' to avoid re-running this script phase.\necho \"SUCCESS\" > \"${SCRIPT_OUTPUT_FILE_0}\"\n";
			showEnvVarsInLog = 0;
		};
/* End PBXShellScriptBuildPhase section */

/* Begin PBXSourcesBuildPhase section */
		BDD012B021E6C07B0045987B /* Sources */ = {
			isa = PBXSourcesBuildPhase;
			buildActionMask = 2147483647;
			files = (
				BD49A7CB21E6C94B00FEC995 /* DetailViewController.swift in Sources */,
				BD49A7D121E6CB9100FEC995 /* ImageCollectionViewCell.swift in Sources */,
				BD46CC8B21E82F81004F8A48 /* UIViewExtension.swift in Sources */,
				BD49A7D421E6D37300FEC995 /* NetworkController.swift in Sources */,
				BD4650FA21E7FFAC00D40FEB /* ImgurItem.swift in Sources */,
				BD95C55521E96AF9005D3557 /* CollectionExtension.swift in Sources */,
				BD49A7C721E6C89A00FEC995 /* ListViewController.swift in Sources */,
				BDD012B821E6C07B0045987B /* AppDelegate.swift in Sources */,
				BD46CC8921E828F2004F8A48 /* MessageCollectionViewCell.swift in Sources */,
				BD49A7CE21E6CB2100FEC995 /* CellProtocols.swift in Sources */,
			);
			runOnlyForDeploymentPostprocessing = 0;
		};
		BDD012C421E6C07C0045987B /* Sources */ = {
			isa = PBXSourcesBuildPhase;
			buildActionMask = 2147483647;
			files = (
				BDD012CD21E6C07C0045987B /* Image_SearchTests.swift in Sources */,
			);
			runOnlyForDeploymentPostprocessing = 0;
		};
/* End PBXSourcesBuildPhase section */

/* Begin PBXTargetDependency section */
		BDD012CA21E6C07C0045987B /* PBXTargetDependency */ = {
			isa = PBXTargetDependency;
			target = BDD012B321E6C07B0045987B /* Image Search */;
			targetProxy = BDD012C921E6C07C0045987B /* PBXContainerItemProxy */;
		};
/* End PBXTargetDependency section */

/* Begin PBXVariantGroup section */
		BDD012BB21E6C07C0045987B /* Main.storyboard */ = {
			isa = PBXVariantGroup;
			children = (
				BDD012BC21E6C07C0045987B /* Base */,
			);
			name = Main.storyboard;
			sourceTree = "<group>";
		};
		BDD012C021E6C07C0045987B /* LaunchScreen.storyboard */ = {
			isa = PBXVariantGroup;
			children = (
				BDD012C121E6C07C0045987B /* Base */,
			);
			name = LaunchScreen.storyboard;
			sourceTree = "<group>";
		};
/* End PBXVariantGroup section */

/* Begin XCBuildConfiguration section */
		BDD012CF21E6C07C0045987B /* Debug */ = {
			isa = XCBuildConfiguration;
			buildSettings = {
				ALWAYS_SEARCH_USER_PATHS = NO;
				CLANG_ANALYZER_NONNULL = YES;
				CLANG_ANALYZER_NUMBER_OBJECT_CONVERSION = YES_AGGRESSIVE;
				CLANG_CXX_LANGUAGE_STANDARD = "gnu++14";
				CLANG_CXX_LIBRARY = "libc++";
				CLANG_ENABLE_MODULES = YES;
				CLANG_ENABLE_OBJC_ARC = YES;
				CLANG_ENABLE_OBJC_WEAK = YES;
				CLANG_WARN_BLOCK_CAPTURE_AUTORELEASING = YES;
				CLANG_WARN_BOOL_CONVERSION = YES;
				CLANG_WARN_COMMA = YES;
				CLANG_WARN_CONSTANT_CONVERSION = YES;
				CLANG_WARN_DEPRECATED_OBJC_IMPLEMENTATIONS = YES;
				CLANG_WARN_DIRECT_OBJC_ISA_USAGE = YES_ERROR;
				CLANG_WARN_DOCUMENTATION_COMMENTS = YES;
				CLANG_WARN_EMPTY_BODY = YES;
				CLANG_WARN_ENUM_CONVERSION = YES;
				CLANG_WARN_INFINITE_RECURSION = YES;
				CLANG_WARN_INT_CONVERSION = YES;
				CLANG_WARN_NON_LITERAL_NULL_CONVERSION = YES;
				CLANG_WARN_OBJC_IMPLICIT_RETAIN_SELF = YES;
				CLANG_WARN_OBJC_LITERAL_CONVERSION = YES;
				CLANG_WARN_OBJC_ROOT_CLASS = YES_ERROR;
				CLANG_WARN_RANGE_LOOP_ANALYSIS = YES;
				CLANG_WARN_STRICT_PROTOTYPES = YES;
				CLANG_WARN_SUSPICIOUS_MOVE = YES;
				CLANG_WARN_UNGUARDED_AVAILABILITY = YES_AGGRESSIVE;
				CLANG_WARN_UNREACHABLE_CODE = YES;
				CLANG_WARN__DUPLICATE_METHOD_MATCH = YES;
				CODE_SIGN_IDENTITY = "iPhone Developer";
				COPY_PHASE_STRIP = NO;
				DEBUG_INFORMATION_FORMAT = dwarf;
				ENABLE_STRICT_OBJC_MSGSEND = YES;
				ENABLE_TESTABILITY = YES;
				GCC_C_LANGUAGE_STANDARD = gnu11;
				GCC_DYNAMIC_NO_PIC = NO;
				GCC_NO_COMMON_BLOCKS = YES;
				GCC_OPTIMIZATION_LEVEL = 0;
				GCC_PREPROCESSOR_DEFINITIONS = (
					"DEBUG=1",
					"$(inherited)",
				);
				GCC_WARN_64_TO_32_BIT_CONVERSION = YES;
				GCC_WARN_ABOUT_RETURN_TYPE = YES_ERROR;
				GCC_WARN_UNDECLARED_SELECTOR = YES;
				GCC_WARN_UNINITIALIZED_AUTOS = YES_AGGRESSIVE;
				GCC_WARN_UNUSED_FUNCTION = YES;
				GCC_WARN_UNUSED_VARIABLE = YES;
				IPHONEOS_DEPLOYMENT_TARGET = 12.1;
				MTL_ENABLE_DEBUG_INFO = INCLUDE_SOURCE;
				MTL_FAST_MATH = YES;
				ONLY_ACTIVE_ARCH = YES;
				SDKROOT = iphoneos;
				SWIFT_ACTIVE_COMPILATION_CONDITIONS = DEBUG;
				SWIFT_OPTIMIZATION_LEVEL = "-Onone";
			};
			name = Debug;
		};
		BDD012D021E6C07C0045987B /* Release */ = {
			isa = XCBuildConfiguration;
			buildSettings = {
				ALWAYS_SEARCH_USER_PATHS = NO;
				CLANG_ANALYZER_NONNULL = YES;
				CLANG_ANALYZER_NUMBER_OBJECT_CONVERSION = YES_AGGRESSIVE;
				CLANG_CXX_LANGUAGE_STANDARD = "gnu++14";
				CLANG_CXX_LIBRARY = "libc++";
				CLANG_ENABLE_MODULES = YES;
				CLANG_ENABLE_OBJC_ARC = YES;
				CLANG_ENABLE_OBJC_WEAK = YES;
				CLANG_WARN_BLOCK_CAPTURE_AUTORELEASING = YES;
				CLANG_WARN_BOOL_CONVERSION = YES;
				CLANG_WARN_COMMA = YES;
				CLANG_WARN_CONSTANT_CONVERSION = YES;
				CLANG_WARN_DEPRECATED_OBJC_IMPLEMENTATIONS = YES;
				CLANG_WARN_DIRECT_OBJC_ISA_USAGE = YES_ERROR;
				CLANG_WARN_DOCUMENTATION_COMMENTS = YES;
				CLANG_WARN_EMPTY_BODY = YES;
				CLANG_WARN_ENUM_CONVERSION = YES;
				CLANG_WARN_INFINITE_RECURSION = YES;
				CLANG_WARN_INT_CONVERSION = YES;
				CLANG_WARN_NON_LITERAL_NULL_CONVERSION = YES;
				CLANG_WARN_OBJC_IMPLICIT_RETAIN_SELF = YES;
				CLANG_WARN_OBJC_LITERAL_CONVERSION = YES;
				CLANG_WARN_OBJC_ROOT_CLASS = YES_ERROR;
				CLANG_WARN_RANGE_LOOP_ANALYSIS = YES;
				CLANG_WARN_STRICT_PROTOTYPES = YES;
				CLANG_WARN_SUSPICIOUS_MOVE = YES;
				CLANG_WARN_UNGUARDED_AVAILABILITY = YES_AGGRESSIVE;
				CLANG_WARN_UNREACHABLE_CODE = YES;
				CLANG_WARN__DUPLICATE_METHOD_MATCH = YES;
				CODE_SIGN_IDENTITY = "iPhone Developer";
				COPY_PHASE_STRIP = NO;
				DEBUG_INFORMATION_FORMAT = "dwarf-with-dsym";
				ENABLE_NS_ASSERTIONS = NO;
				ENABLE_STRICT_OBJC_MSGSEND = YES;
				GCC_C_LANGUAGE_STANDARD = gnu11;
				GCC_NO_COMMON_BLOCKS = YES;
				GCC_WARN_64_TO_32_BIT_CONVERSION = YES;
				GCC_WARN_ABOUT_RETURN_TYPE = YES_ERROR;
				GCC_WARN_UNDECLARED_SELECTOR = YES;
				GCC_WARN_UNINITIALIZED_AUTOS = YES_AGGRESSIVE;
				GCC_WARN_UNUSED_FUNCTION = YES;
				GCC_WARN_UNUSED_VARIABLE = YES;
				IPHONEOS_DEPLOYMENT_TARGET = 12.1;
				MTL_ENABLE_DEBUG_INFO = NO;
				MTL_FAST_MATH = YES;
				SDKROOT = iphoneos;
				SWIFT_COMPILATION_MODE = wholemodule;
				SWIFT_OPTIMIZATION_LEVEL = "-O";
				VALIDATE_PRODUCT = YES;
			};
			name = Release;
		};
		BDD012D221E6C07C0045987B /* Debug */ = {
			isa = XCBuildConfiguration;
			baseConfigurationReference = 425D3FBEED22EA759434C77E /* Pods-Image Search.debug.xcconfig */;
			buildSettings = {
				ASSETCATALOG_COMPILER_APPICON_NAME = AppIcon;
				CODE_SIGN_STYLE = Automatic;
				DEVELOPMENT_TEAM = CX48SSGG62;
				INFOPLIST_FILE = "Image Search/Info.plist";
				IPHONEOS_DEPLOYMENT_TARGET = 12.0;
				LD_RUNPATH_SEARCH_PATHS = (
					"$(inherited)",
					"@executable_path/Frameworks",
				);
				PRODUCT_BUNDLE_IDENTIFIER = "com.michaelsacks.Image-Search";
				PRODUCT_NAME = "$(TARGET_NAME)";
				SWIFT_VERSION = 4.2;
				TARGETED_DEVICE_FAMILY = "1,2";
			};
			name = Debug;
		};
		BDD012D321E6C07C0045987B /* Release */ = {
			isa = XCBuildConfiguration;
			baseConfigurationReference = AA1DC89862BA4EF76E5C7D7E /* Pods-Image Search.release.xcconfig */;
			buildSettings = {
				ASSETCATALOG_COMPILER_APPICON_NAME = AppIcon;
				CODE_SIGN_STYLE = Automatic;
				DEVELOPMENT_TEAM = CX48SSGG62;
				INFOPLIST_FILE = "Image Search/Info.plist";
				IPHONEOS_DEPLOYMENT_TARGET = 12.0;
				LD_RUNPATH_SEARCH_PATHS = (
					"$(inherited)",
					"@executable_path/Frameworks",
				);
				PRODUCT_BUNDLE_IDENTIFIER = "com.michaelsacks.Image-Search";
				PRODUCT_NAME = "$(TARGET_NAME)";
				SWIFT_VERSION = 4.2;
				TARGETED_DEVICE_FAMILY = "1,2";
			};
			name = Release;
		};
		BDD012D521E6C07C0045987B /* Debug */ = {
			isa = XCBuildConfiguration;
			baseConfigurationReference = 2DCFCB8EBE11A07A867380AA /* Pods-Image SearchTests.debug.xcconfig */;
			buildSettings = {
				ALWAYS_EMBED_SWIFT_STANDARD_LIBRARIES = YES;
				BUNDLE_LOADER = "$(TEST_HOST)";
				CODE_SIGN_STYLE = Automatic;
				DEVELOPMENT_TEAM = CX48SSGG62;
				INFOPLIST_FILE = "Image SearchTests/Info.plist";
				LD_RUNPATH_SEARCH_PATHS = (
					"$(inherited)",
					"@executable_path/Frameworks",
					"@loader_path/Frameworks",
				);
				PRODUCT_BUNDLE_IDENTIFIER = "com.michaelsacks.Image-SearchTests";
				PRODUCT_NAME = "$(TARGET_NAME)";
				SWIFT_VERSION = 4.2;
				TARGETED_DEVICE_FAMILY = "1,2";
				TEST_HOST = "$(BUILT_PRODUCTS_DIR)/Image Search.app/Image Search";
			};
			name = Debug;
		};
		BDD012D621E6C07C0045987B /* Release */ = {
			isa = XCBuildConfiguration;
			baseConfigurationReference = F11F232FF5374076FD5EC380 /* Pods-Image SearchTests.release.xcconfig */;
			buildSettings = {
				ALWAYS_EMBED_SWIFT_STANDARD_LIBRARIES = YES;
				BUNDLE_LOADER = "$(TEST_HOST)";
				CODE_SIGN_STYLE = Automatic;
				DEVELOPMENT_TEAM = CX48SSGG62;
				INFOPLIST_FILE = "Image SearchTests/Info.plist";
				LD_RUNPATH_SEARCH_PATHS = (
					"$(inherited)",
					"@executable_path/Frameworks",
					"@loader_path/Frameworks",
				);
				PRODUCT_BUNDLE_IDENTIFIER = "com.michaelsacks.Image-SearchTests";
				PRODUCT_NAME = "$(TARGET_NAME)";
				SWIFT_VERSION = 4.2;
				TARGETED_DEVICE_FAMILY = "1,2";
				TEST_HOST = "$(BUILT_PRODUCTS_DIR)/Image Search.app/Image Search";
			};
			name = Release;
		};
/* End XCBuildConfiguration section */

/* Begin XCConfigurationList section */
		BDD012AF21E6C07B0045987B /* Build configuration list for PBXProject "Image Search" */ = {
			isa = XCConfigurationList;
			buildConfigurations = (
				BDD012CF21E6C07C0045987B /* Debug */,
				BDD012D021E6C07C0045987B /* Release */,
			);
			defaultConfigurationIsVisible = 0;
			defaultConfigurationName = Release;
		};
		BDD012D121E6C07C0045987B /* Build configuration list for PBXNativeTarget "Image Search" */ = {
			isa = XCConfigurationList;
			buildConfigurations = (
				BDD012D221E6C07C0045987B /* Debug */,
				BDD012D321E6C07C0045987B /* Release */,
			);
			defaultConfigurationIsVisible = 0;
			defaultConfigurationName = Release;
		};
		BDD012D421E6C07C0045987B /* Build configuration list for PBXNativeTarget "Image SearchTests" */ = {
			isa = XCConfigurationList;
			buildConfigurations = (
				BDD012D521E6C07C0045987B /* Debug */,
				BDD012D621E6C07C0045987B /* Release */,
			);
			defaultConfigurationIsVisible = 0;
			defaultConfigurationName = Release;
		};
/* End XCConfigurationList section */
	};
	rootObject = BDD012AC21E6C07B0045987B /* Project object */;
}
